<?xml version="1.0" encoding="UTF-8"?>
<CodeBlocks_project_file>
	<FileVersion major="1" minor="6"/>
	<Project>
		<Option title="IntersectionReference"/>
		<Option makefile_is_custom="1"/>
		<Option compiler="clang"/>
		<Option virtualFolders="CMake Files\;"/>
		<Build>
			<Target title="all">
				<Option working_dir="/home/balazs/munka/cuda-trajectory-planner/proximity/cuda-mesh-proximity-intersection/reference"/>
				<Option type="4"/>
				<MakeCommands>
					<Build command="/usr/bin/make -f &quot;/home/balazs/munka/cuda-trajectory-planner/proximity/cuda-mesh-proximity-intersection/reference/Makefile&quot;  VERBOSE=1 all"/>
					<CompileFile command="/usr/bin/make -f &quot;/home/balazs/munka/cuda-trajectory-planner/proximity/cuda-mesh-proximity-intersection/reference/Makefile&quot;  VERBOSE=1 &quot;$file&quot;"/>
					<Clean command="/usr/bin/make -f &quot;/home/balazs/munka/cuda-trajectory-planner/proximity/cuda-mesh-proximity-intersection/reference/Makefile&quot;  VERBOSE=1 clean"/>
					<DistClean command="/usr/bin/make -f &quot;/home/balazs/munka/cuda-trajectory-planner/proximity/cuda-mesh-proximity-intersection/reference/Makefile&quot;  VERBOSE=1 clean"/>
				</MakeCommands>
			</Target>
			<Target title="rebuild_cache">
				<Option working_dir="/home/balazs/munka/cuda-trajectory-planner/proximity/cuda-mesh-proximity-intersection/reference"/>
				<Option type="4"/>
				<MakeCommands>
					<Build command="/usr/bin/make -f &quot;/home/balazs/munka/cuda-trajectory-planner/proximity/cuda-mesh-proximity-intersection/reference/Makefile&quot;  VERBOSE=1 rebuild_cache"/>
					<CompileFile command="/usr/bin/make -f &quot;/home/balazs/munka/cuda-trajectory-planner/proximity/cuda-mesh-proximity-intersection/reference/Makefile&quot;  VERBOSE=1 &quot;$file&quot;"/>
					<Clean command="/usr/bin/make -f &quot;/home/balazs/munka/cuda-trajectory-planner/proximity/cuda-mesh-proximity-intersection/reference/Makefile&quot;  VERBOSE=1 clean"/>
					<DistClean command="/usr/bin/make -f &quot;/home/balazs/munka/cuda-trajectory-planner/proximity/cuda-mesh-proximity-intersection/reference/Makefile&quot;  VERBOSE=1 clean"/>
				</MakeCommands>
			</Target>
			<Target title="edit_cache">
				<Option working_dir="/home/balazs/munka/cuda-trajectory-planner/proximity/cuda-mesh-proximity-intersection/reference"/>
				<Option type="4"/>
				<MakeCommands>
					<Build command="/usr/bin/make -f &quot;/home/balazs/munka/cuda-trajectory-planner/proximity/cuda-mesh-proximity-intersection/reference/Makefile&quot;  VERBOSE=1 edit_cache"/>
					<CompileFile command="/usr/bin/make -f &quot;/home/balazs/munka/cuda-trajectory-planner/proximity/cuda-mesh-proximity-intersection/reference/Makefile&quot;  VERBOSE=1 &quot;$file&quot;"/>
					<Clean command="/usr/bin/make -f &quot;/home/balazs/munka/cuda-trajectory-planner/proximity/cuda-mesh-proximity-intersection/reference/Makefile&quot;  VERBOSE=1 clean"/>
					<DistClean command="/usr/bin/make -f &quot;/home/balazs/munka/cuda-trajectory-planner/proximity/cuda-mesh-proximity-intersection/reference/Makefile&quot;  VERBOSE=1 clean"/>
				</MakeCommands>
			</Target>
			<Target title="IntersectionReference">
				<Option output="/home/balazs/munka/cuda-trajectory-planner/proximity/cuda-mesh-proximity-intersection/reference/IntersectionReference" prefix_auto="0" extension_auto="0"/>
				<Option working_dir="/home/balazs/munka/cuda-trajectory-planner/proximity/cuda-mesh-proximity-intersection/reference"/>
				<Option object_output="./"/>
				<Option type="1"/>
				<Option compiler="clang"/>
				<Compiler>
					<Add directory="/usr/include/eigen3"/>
				</Compiler>
				<MakeCommands>
					<Build command="/usr/bin/make -f &quot;/home/balazs/munka/cuda-trajectory-planner/proximity/cuda-mesh-proximity-intersection/reference/Makefile&quot;  VERBOSE=1 IntersectionReference"/>
					<CompileFile command="/usr/bin/make -f &quot;/home/balazs/munka/cuda-trajectory-planner/proximity/cuda-mesh-proximity-intersection/reference/Makefile&quot;  VERBOSE=1 &quot;$file&quot;"/>
					<Clean command="/usr/bin/make -f &quot;/home/balazs/munka/cuda-trajectory-planner/proximity/cuda-mesh-proximity-intersection/reference/Makefile&quot;  VERBOSE=1 clean"/>
					<DistClean command="/usr/bin/make -f &quot;/home/balazs/munka/cuda-trajectory-planner/proximity/cuda-mesh-proximity-intersection/reference/Makefile&quot;  VERBOSE=1 clean"/>
				</MakeCommands>
			</Target>
			<Target title="IntersectionReference/fast">
				<Option output="/home/balazs/munka/cuda-trajectory-planner/proximity/cuda-mesh-proximity-intersection/reference/IntersectionReference" prefix_auto="0" extension_auto="0"/>
				<Option working_dir="/home/balazs/munka/cuda-trajectory-planner/proximity/cuda-mesh-proximity-intersection/reference"/>
				<Option object_output="./"/>
				<Option type="1"/>
				<Option compiler="clang"/>
				<Compiler>
					<Add directory="/usr/include/eigen3"/>
				</Compiler>
				<MakeCommands>
					<Build command="/usr/bin/make -f &quot;/home/balazs/munka/cuda-trajectory-planner/proximity/cuda-mesh-proximity-intersection/reference/Makefile&quot;  VERBOSE=1 IntersectionReference/fast"/>
					<CompileFile command="/usr/bin/make -f &quot;/home/balazs/munka/cuda-trajectory-planner/proximity/cuda-mesh-proximity-intersection/reference/Makefile&quot;  VERBOSE=1 &quot;$file&quot;"/>
					<Clean command="/usr/bin/make -f &quot;/home/balazs/munka/cuda-trajectory-planner/proximity/cuda-mesh-proximity-intersection/reference/Makefile&quot;  VERBOSE=1 clean"/>
					<DistClean command="/usr/bin/make -f &quot;/home/balazs/munka/cuda-trajectory-planner/proximity/cuda-mesh-proximity-intersection/reference/Makefile&quot;  VERBOSE=1 clean"/>
				</MakeCommands>
			</Target>
		</Build>
		<Unit filename="/home/balazs/munka/cuda-trajectory-planner/proximity/cuda-mesh-proximity-intersection/reference/IntersectionReference.cpp">
			<Option target="IntersectionReference"/>
		</Unit>
		<Unit filename="/home/balazs/munka/cuda-trajectory-planner/proximity/cuda-mesh-proximity-intersection/reference/CMakeLists.txt">
			<Option virtualFolder="CMake Files\"/>
		</Unit>
	</Project>
</CodeBlocks_project_file>
